{
  "nodes": {
    "claude-code": {
      "inputs": {
        "flake-utils": "flake-utils",
        "nixpkgs": "nixpkgs"
      },
      "locked": {
        "lastModified": 1773279046,
        "narHash": "sha256-k1S9VEaiRgRrfwolWKV+n3YKpfnQCoE+3M9BDrWVwyI=",
        "owner": "sadjow",
        "repo": "claude-code-nix",
        "rev": "00189c0d55fd64d8f7880979d9f91dcb675996e0",
        "type": "github"
      },
      "original": {
        "owner": "sadjow",
        "repo": "claude-code-nix",
        "type": "github"
      }
    },
    "crane": {
      "locked": {
        "lastModified": 1759893430,
        "narHash": "sha256-yAy4otLYm9iZ+NtQwTMEbqHwswSFUbhn7x826RR6djw=",
        "owner": "ipetkov",
        "repo": "crane",
        "rev": "1979a2524cb8c801520bd94c38bb3d5692419d93",
        "type": "github"
      },
      "original": {
        "owner": "ipetkov",
        "repo": "crane",
        "type": "github"
      }
    },
    "crane_2": {
      "locked": {
        "lastModified": 1765145449,
        "narHash": "sha256-aBVHGWWRzSpfL++LubA0CwOOQ64WNLegrYHwsVuVN7A=",
        "owner": "ipetkov",
        "repo": "crane",
        "rev": "69f538cdce5955fcd47abfed4395dc6d5194c1c5",
        "type": "github"
      },
      "original": {
        "owner": "ipetkov",
        "repo": "crane",
        "type": "github"
      }
    },
    "crane_3": {
      "locked": {
        "lastModified": 1765739568,
        "narHash": "sha256-gQYx35Of4UDKUjAYvmxjUEh/DdszYeTtT6MDin4loGE=",
        "owner": "ipetkov",
        "repo": "crane",
        "rev": "67d2baff0f9f677af35db61b32b5df6863bcc075",
        "type": "github"
      },
      "original": {
        "owner": "ipetkov",
        "repo": "crane",
        "type": "github"
      }
    },
    "fenix": {
      "inputs": {
        "nixpkgs": [
          "iamb",
          "nixpkgs"
        ],
        "rust-analyzer-src": "rust-analyzer-src"
      },
      "locked": {
        "lastModified": 1760510549,
        "narHash": "sha256-NP+kmLMm7zSyv4Fufv+eSJXyqjLMUhUfPT6lXRlg/bU=",
        "owner": "nix-community",
        "repo": "fenix",
        "rev": "ef7178cf086f267113b5c48fdeb6e510729c8214",
        "type": "github"
      },
      "original": {
        "owner": "nix-community",
        "repo": "fenix",
        "type": "github"
      }
    },
    "flake-utils": {
      "inputs": {
        "systems": "systems"
      },
      "locked": {
        "lastModified": 1731533236,
        "narHash": "sha256-l0KFg5HjrsfsO/JpG+r7fRrqm12kzFHyUHqHCVpMMbI=",
        "owner": "numtide",
        "repo": "flake-utils",
        "rev": "11707dc2f618dd54ca8739b309ec4fc024de578b",
        "type": "github"
      },
      "original": {
        "owner": "numtide",
        "repo": "flake-utils",
        "type": "github"
      }
    },
    "flake-utils_2": {
      "inputs": {
        "systems": "systems_2"
      },
      "locked": {
        "lastModified": 1731533236,
        "narHash": "sha256-l0KFg5HjrsfsO/JpG+r7fRrqm12kzFHyUHqHCVpMMbI=",
        "owner": "numtide",
        "repo": "flake-utils",
        "rev": "11707dc2f618dd54ca8739b309ec4fc024de578b",
        "type": "github"
      },
      "original": {
        "owner": "numtide",
        "repo": "flake-utils",
        "type": "github"
      }
    },
    "flake-utils_3": {
      "inputs": {
        "systems": "systems_3"
      },
      "locked": {
        "lastModified": 1731533236,
        "narHash": "sha256-l0KFg5HjrsfsO/JpG+r7fRrqm12kzFHyUHqHCVpMMbI=",
        "owner": "numtide",
        "repo": "flake-utils",
        "rev": "11707dc2f618dd54ca8739b309ec4fc024de578b",
        "type": "github"
      },
      "original": {
        "owner": "numtide",
        "repo": "flake-utils",
        "type": "github"
      }
    },
    "flake-utils_4": {
      "inputs": {
        "systems": "systems_4"
      },
      "locked": {
        "lastModified": 1731533236,
        "narHash": "sha256-l0KFg5HjrsfsO/JpG+r7fRrqm12kzFHyUHqHCVpMMbI=",
        "owner": "numtide",
        "repo": "flake-utils",
        "rev": "11707dc2f618dd54ca8739b309ec4fc024de578b",
        "type": "github"
      },
      "original": {
        "owner": "numtide",
        "repo": "flake-utils",
        "type": "github"
      }
    },
    "home-manager": {
      "inputs": {
        "nixpkgs": [
          "nixpkgs"
        ]
      },
      "locked": {
        "lastModified": 1764736872,
        "narHash": "sha256-4mqLegNQeD54X7enm6EI9aNWl6CaIfyhl5PaYoGYwqk=",
        "owner": "nix-community",
        "repo": "home-manager",
        "rev": "3366918730bb6b699395a9d237397f1d710a94b3",
        "type": "github"
      },
      "original": {
        "owner": "nix-community",
        "ref": "release-25.11",
        "repo": "home-manager",
        "type": "github"
      }
    },
    "iamb": {
      "inputs": {
        "crane": "crane",
        "fenix": "fenix",
        "flake-utils": "flake-utils_2",
        "nixpkgs": [
          "nixpkgs"
        ]
      },
      "locked": {
        "lastModified": 1761489878,
        "narHash": "sha256-8sqS7Iw1H5BB+MWjRulM+ZZECw/vbAe/ofPJs50EcH0=",
        "owner": "ulyssa",
        "repo": "iamb",
        "rev": "a32149f60413736e797723582fca49c991b8edcd",
        "type": "github"
      },
      "original": {
        "owner": "ulyssa",
        "repo": "iamb",
        "type": "github"
      }
    },
    "mdfried": {
      "inputs": {
        "crane": "crane_2",
        "flake-utils": "flake-utils_3",
        "nixpkgs": [
          "nixpkgs"
        ],
        "rust-overlay": "rust-overlay"
      },
      "locked": {
        "lastModified": 1778576164,
        "narHash": "sha256-69mBEmJvGHqSqFgbLu4gjQA0VVkyfEMjpkaI9wn8ypg=",
        "owner": "benjajaja",
        "repo": "mdfried",
        "rev": "d7414626bc1d6aa4e6c5466ef52bb1b59c146f45",
        "type": "github"
      },
      "original": {
        "owner": "benjajaja",
        "ref": "master",
        "repo": "mdfried",
        "type": "github"
      }
    },
    "nixpkgs": {
      "locked": {
        "lastModified": 1773110118,
        "narHash": "sha256-mPAG8phMbCReKSiKAijjjd3v7uVcJOQ75gSjGJjt/Rk=",
        "owner": "NixOS",
        "repo": "nixpkgs",
        "rev": "e607cb5360ff1234862ac9f8839522becb853bb9",
        "type": "github"
      },
      "original": {
        "owner": "NixOS",
        "ref": "nixpkgs-unstable",
        "repo": "nixpkgs",
        "type": "github"
      }
    },
    "nixpkgs-unstable": {
      "locked": {
        "lastModified": 1767767207,
        "narHash": "sha256-Mj3d3PfwltLmukFal5i3fFt27L6NiKXdBezC1EBuZs4=",
        "owner": "NixOS",
        "repo": "nixpkgs",
        "rev": "5912c1772a44e31bf1c63c0390b90501e5026886",
        "type": "github"
      },
      "original": {
        "owner": "NixOS",
        "ref": "nixos-unstable",
        "repo": "nixpkgs",
        "type": "github"
      }
    },
    "nixpkgs_2": {
      "locked": {
        "lastModified": 1764522689,
        "narHash": "sha256-SqUuBFjhl/kpDiVaKLQBoD8TLD+/cTUzzgVFoaHrkqY=",
        "owner": "NixOS",
        "repo": "nixpkgs",
        "rev": "8bb5646e0bed5dbd3ab08c7a7cc15b75ab4e1d0f",
        "type": "github"
      },
      "original": {
        "owner": "NixOS",
        "ref": "nixos-25.11",
        "repo": "nixpkgs",
        "type": "github"
      }
    },
    "ratatui-image": {
      "inputs": {
        "crane": "crane_3",
        "flake-utils": "flake-utils_4",
        "nixpkgs": [
          "nixpkgs"
        ],
        "rust-overlay": "rust-overlay_2"
      },
      "locked": {
        "lastModified": 1771519339,
        "narHash": "sha256-6h+O7xYcduLfnvbQeEkkP8bXhs8/yPNZWFL0GqbysYE=",
        "owner": "benjajaja",
        "repo": "ratatui-image",
        "rev": "f84070ef181673df448ed9d4df9842b159c7b402",
        "type": "github"
      },
      "original": {
        "owner": "benjajaja",
        "ref": "v10.0.6",
        "repo": "ratatui-image",
        "type": "github"
      }
    },
    "root": {
      "inputs": {
        "claude-code": "claude-code",
        "home-manager": "home-manager",
        "iamb": "iamb",
        "mdfried": "mdfried",
        "nixpkgs": "nixpkgs_2",
        "nixpkgs-unstable": "nixpkgs-unstable",
        "ratatui-image": "ratatui-image"
      }
    },
    "rust-analyzer-src": {
      "flake": false,
      "locked": {
        "lastModified": 1760457219,
        "narHash": "sha256-WJOUGx42hrhmvvYcGkwea+BcJuQJLcns849OnewQqX4=",
        "owner": "rust-lang",
        "repo": "rust-analyzer",
        "rev": "8747cf81540bd1bbbab9ee2702f12c33aa887b46",
        "type": "github"
      },
      "original": {
        "owner": "rust-lang",
        "ref": "nightly",
        "repo": "rust-analyzer",
        "type": "github"
      }
    },
    "rust-overlay": {
      "inputs": {
        "nixpkgs": [
          "mdfried",
          "nixpkgs"
        ]
      },
      "locked": {
        "lastModified": 1765593578,
        "narHash": "sha256-qbl874bCIy9+OLImdfBfZ9ITUDDjjTAB04Dk4PlZFV0=",
        "owner": "oxalica",
        "repo": "rust-overlay",
        "rev": "348b94ed9ddffccdf1a65582a2dcff0a4a3eeeb4",
        "type": "github"
      },
      "original": {
        "owner": "oxalica",
        "repo": "rust-overlay",
        "type": "github"
      }
    },
    "rust-overlay_2": {
      "inputs": {
        "nixpkgs": [
          "ratatui-image",
          "nixpkgs"
        ]
      },
      "locked": {
        "lastModified": 1766025663,
        "narHash": "sha256-VSrZmhM22nZckbbE8Cmmc5I2RUGtwo1aii77T/i8YPU=",
        "owner": "oxalica",
        "repo": "rust-overlay",
        "rev": "96617c96d4c455770e6664b5e3aad999b677fae6",
        "type": "github"
      },
      "original": {
        "owner": "oxalica",
        "repo": "rust-overlay",
        "type": "github"
      }
    },
    "systems": {
      "locked": {
        "lastModified": 1681028828,
        "narHash": "sha256-Vy1rq5AaRuLzOxct8nz4T6wlgyUR7zLU309k9mBC768=",
        "owner": "nix-systems",
        "repo": "default",
        "rev": "da67096a3b9bf56a91d16901293e51ba5b49a27e",
        "type": "github"
      },
      "original": {
        "owner": "nix-systems",
        "repo": "default",
        "type": "github"
      }
    },
    "systems_2": {
      "locked": {
        "lastModified": 1681028828,
        "narHash": "sha256-Vy1rq5AaRuLzOxct8nz4T6wlgyUR7zLU309k9mBC768=",
        "owner": "nix-systems",
        "repo": "default",
        "rev": "da67096a3b9bf56a91d16901293e51ba5b49a27e",
        "type": "github"
      },
      "original": {
        "owner": "nix-systems",
        "repo": "default",
        "type": "github"
      }
    },
    "systems_3": {
      "locked": {
        "lastModified": 1681028828,
        "narHash": "sha256-Vy1rq5AaRuLzOxct8nz4T6wlgyUR7zLU309k9mBC768=",
        "owner": "nix-systems",
        "repo": "default",
        "rev": "da67096a3b9bf56a91d16901293e51ba5b49a27e",
        "type": "github"
      },
      "original": {
        "owner": "nix-systems",
        "repo": "default",
        "type": "github"
      }
    },
    "systems_4": {
      "locked": {
        "lastModified": 1681028828,
        "narHash": "sha256-Vy1rq5AaRuLzOxct8nz4T6wlgyUR7zLU309k9mBC768=",
        "owner": "nix-systems",
        "repo": "default",
        "rev": "da67096a3b9bf56a91d16901293e51ba5b49a27e",
        "type": "github"
      },
      "original": {
        "owner": "nix-systems",
        "repo": "default",
        "type": "github"
      }
    }
  },
  "root": "root",
  "version": 7
}
